
Microsoft Visual Studio Solution File, Format Version 12.00
# Visual Studio Version 17
VisualStudioVersion = 17.7.34031.279
MinimumVisualStudioVersion = 10.0.40219.1
Project("{FAE04EC0-301F-11D3-BF4B-00C04F79EFBC}") = "Telegram", "Telegram\Telegram.csproj", "{F731BEAA-3E52-4D04-8715-850101FA721C}"
EndProject
Global
	GlobalSection(SolutionConfigurationPlatforms) = preSolution
		Debug|Any CPU = Debug|Any CPU
		Release|Any CPU = Release|Any CPU
	EndGlobalSection
	GlobalSection(ProjectConfigurationPlatforms) = postSolution
		{F731BEAA-3E52-4D04-8715-850101FA721C}.Debug|Any CPU.ActiveCfg = Debug|Any CPU
		{F731BEAA-3E52-4D04-8715-850101FA721C}.Debug|Any CPU.Build.0 = Debug|Any CPU
		{F731BEAA-3E52-4D04-8715-850101FA721C}.Release|Any CPU.ActiveCfg = Release|Any CPU
		{F731BEAA-3E52-4D04-8715-850101FA721C}.Release|Any CPU.Build.0 = Release|Any CPU
	EndGlobalSection
	GlobalSection(SolutionProperties) = preSolution
		HideSolutionNode = FALSE
	EndGlobalSection
	GlobalSection(ExtensibilityGlobals) = postSolution
		SolutionGuid = {00D07F66-E5A9-4653-81B1-D86E5721C03B}
	EndGlobalSection
EndGlobal
